schema: '2.0'
stages:
  data_ingestion:
    cmd: python src/data_ingestion.py
    deps:
    - path: src/data_ingestion.py
      hash: md5
      md5: fdb03a269deb132ae6c172992ca81ffd
      size: 4235
    params:
      params.yaml:
        data_ingestion.test_size: 0.3
    outs:
    - path: data/raw
      hash: md5
      md5: 6c14fc5d4581715d0c084959eeff4b01.dir
      size: 479272
      nfiles: 2
  data_preprocessing:
    cmd: python src/data_preprocessing.py
    deps:
    - path: data/raw
      hash: md5
      md5: 6c14fc5d4581715d0c084959eeff4b01.dir
      size: 479272
      nfiles: 2
    - path: src/data_preprocessing.py
      hash: md5
      md5: bf1102cfd5836d2f557479fae8688208
      size: 4107
    outs:
    - path: data/interim
      hash: md5
      md5: 91d80631b72bc88148c9f0c49789af70.dir
      size: 257220
      nfiles: 2
  feature_engineering:
    cmd: python src/feature_engineering.py
    deps:
    - path: data/interim
      hash: md5
      md5: 91d80631b72bc88148c9f0c49789af70.dir
      size: 257220
      nfiles: 2
    - path: src/feature_engineering.py
      hash: md5
      md5: b2d648228b29214b856b1edd37fcfa57
      size: 4262
    params:
      params.yaml:
        feature_engineering.max_features: 50
    outs:
    - path: data/processed
      hash: md5
      md5: b95e30876c76352ff673213f2059f80d.dir
      size: 1182415
      nfiles: 2
  model_building:
    cmd: python src/model_building.py
    deps:
    - path: data/processed
      hash: md5
      md5: b95e30876c76352ff673213f2059f80d.dir
      size: 1182415
      nfiles: 2
    - path: src/model_building.py
      hash: md5
      md5: 2dc9bb1ffbb5bb3fcb476866ec0c63e1
      size: 4761
    params:
      params.yaml:
        model_building.n_estimators: 60
        model_building.random_state: 2
    outs:
    - path: models/model.pkl
      hash: md5
      md5: c4b107bba50ff6f597d8c267ace421d8
      size: 2132996
  model_evaluation:
    cmd: python src/model_evaluation.py
    deps:
    - path: models/model.pkl
      hash: md5
      md5: c4b107bba50ff6f597d8c267ace421d8
      size: 2132996
    - path: src/model_evaluation.py
      hash: md5
      md5: 3ebaad759b4059839b33f6874d9f997a
      size: 4838
    outs:
    - path: reports/metrics.json
      hash: md5
      md5: c7e5d6f6b58c9c90a16e55c10d887d55
      size: 139
